
Microsoft Visual Studio Solution File, Format Version 12.00
# Visual Studio Version 16
VisualStudioVersion = 16.0.32002.261
MinimumVisualStudioVersion = 10.0.40219.1
Project("{FAE04EC0-301F-11D3-BF4B-00C04F79EFBC}") = "Lab_6_Wpf_Home_1", "Lab_6_Wpf_Home_1\Lab_6_Wpf_Home_1.csproj", "{0B7FB5DA-905C-48CA-A7EE-47C0B5AD3A14}"
EndProject
Global
	GlobalSection(SolutionConfigurationPlatforms) = preSolution
		Debug|Any CPU = Debug|Any CPU
		Release|Any CPU = Release|Any CPU
	EndGlobalSection
	GlobalSection(ProjectConfigurationPlatforms) = postSolution
		{0B7FB5DA-905C-48CA-A7EE-47C0B5AD3A14}.Debug|Any CPU.ActiveCfg = Debug|Any CPU
		{0B7FB5DA-905C-48CA-A7EE-47C0B5AD3A14}.Debug|Any CPU.Build.0 = Debug|Any CPU
		{0B7FB5DA-905C-48CA-A7EE-47C0B5AD3A14}.Release|Any CPU.ActiveCfg = Release|Any CPU
		{0B7FB5DA-905C-48CA-A7EE-47C0B5AD3A14}.Release|Any CPU.Build.0 = Release|Any CPU
	EndGlobalSection
	GlobalSection(SolutionProperties) = preSolution
		HideSolutionNode = FALSE
	EndGlobalSection
	GlobalSection(ExtensibilityGlobals) = postSolution
		SolutionGuid = {01FF7D14-18AC-40B0-A907-2EF236CF64A3}
	EndGlobalSection
EndGlobal
